
Microsoft Visual Studio Solution File, Format Version 12.00
# Visual Studio Version 17
VisualStudioVersion = 17.10.35013.160
MinimumVisualStudioVersion = 10.0.40219.1
Project("{FAE04EC0-301F-11D3-BF4B-00C04F79EFBC}") = "SecuGen.NetFramework", "SecuGen.NetFramework\SecuGen.NetFramework.csproj", "{9F833C80-FD75-4E5B-91EE-2172955FFE29}"
EndProject
Project("{FAE04EC0-301F-11D3-BF4B-00C04F79EFBC}") = "SecuGen.NetFramework.UnitTest", "SecuGen.NetFramework.UnitTest\SecuGen.NetFramework.UnitTest.csproj", "{E542A5DF-6FB0-43D2-9BFD-82DD6B92D988}"
EndProject
Project("{FAE04EC0-301F-11D3-BF4B-00C04F79EFBC}") = "SecuGen.NetFramwork.Test", "SecuGen.NetFramwork.Test\SecuGen.NetFramwork.Test.csproj", "{C3D7C012-34E2-4F9F-A335-F7AEACB4F3CC}"
EndProject
Global
	GlobalSection(SolutionConfigurationPlatforms) = preSolution
		Debug|Any CPU = Debug|Any CPU
		Release|Any CPU = Release|Any CPU
	EndGlobalSection
	GlobalSection(ProjectConfigurationPlatforms) = postSolution
		{9F833C80-FD75-4E5B-91EE-2172955FFE29}.Debug|Any CPU.ActiveCfg = Debug|Any CPU
		{9F833C80-FD75-4E5B-91EE-2172955FFE29}.Debug|Any CPU.Build.0 = Debug|Any CPU
		{9F833C80-FD75-4E5B-91EE-2172955FFE29}.Release|Any CPU.ActiveCfg = Release|Any CPU
		{9F833C80-FD75-4E5B-91EE-2172955FFE29}.Release|Any CPU.Build.0 = Release|Any CPU
		{E542A5DF-6FB0-43D2-9BFD-82DD6B92D988}.Debug|Any CPU.ActiveCfg = Debug|Any CPU
		{E542A5DF-6FB0-43D2-9BFD-82DD6B92D988}.Debug|Any CPU.Build.0 = Debug|Any CPU
		{E542A5DF-6FB0-43D2-9BFD-82DD6B92D988}.Release|Any CPU.ActiveCfg = Release|Any CPU
		{E542A5DF-6FB0-43D2-9BFD-82DD6B92D988}.Release|Any CPU.Build.0 = Release|Any CPU
		{C3D7C012-34E2-4F9F-A335-F7AEACB4F3CC}.Debug|Any CPU.ActiveCfg = Debug|Any CPU
		{C3D7C012-34E2-4F9F-A335-F7AEACB4F3CC}.Debug|Any CPU.Build.0 = Debug|Any CPU
		{C3D7C012-34E2-4F9F-A335-F7AEACB4F3CC}.Release|Any CPU.ActiveCfg = Release|Any CPU
		{C3D7C012-34E2-4F9F-A335-F7AEACB4F3CC}.Release|Any CPU.Build.0 = Release|Any CPU
	EndGlobalSection
	GlobalSection(SolutionProperties) = preSolution
		HideSolutionNode = FALSE
	EndGlobalSection
	GlobalSection(ExtensibilityGlobals) = postSolution
		SolutionGuid = {39442B57-E046-460E-B5E3-88C7DB173454}
	EndGlobalSection
EndGlobal
