
Microsoft Visual Studio Solution File, Format Version 12.00
# Visual Studio Version 17
VisualStudioVersion = 17.10.35013.160
MinimumVisualStudioVersion = 10.0.40219.1
Project("{FAE04EC0-301F-11D3-BF4B-00C04F79EFBC}") = "SecureGen.NetFramework", "SecureGen.NetFramework\SecureGen.NetFramework.csproj", "{1596D615-F3B6-433A-8B3A-5396CE8EB9F7}"
EndProject
Project("{FAE04EC0-301F-11D3-BF4B-00C04F79EFBC}") = "SecureGen.NetFramework.Test", "SecureGen.NetFramework.Test\SecureGen.NetFramework.Test.csproj", "{471EBEE1-036F-4FCA-AF3B-AE3D19E89C07}"
EndProject
Project("{FAE04EC0-301F-11D3-BF4B-00C04F79EFBC}") = "SecureGen.NetFramework.UnitTest", "SecureGen.NetFramework.UnitTest\SecureGen.NetFramework.UnitTest.csproj", "{073FCC7F-2DCA-4A82-B263-8BEC7E85A182}"
EndProject
Global
	GlobalSection(SolutionConfigurationPlatforms) = preSolution
		Debug|Any CPU = Debug|Any CPU
		Release|Any CPU = Release|Any CPU
	EndGlobalSection
	GlobalSection(ProjectConfigurationPlatforms) = postSolution
		{1596D615-F3B6-433A-8B3A-5396CE8EB9F7}.Debug|Any CPU.ActiveCfg = Debug|Any CPU
		{1596D615-F3B6-433A-8B3A-5396CE8EB9F7}.Debug|Any CPU.Build.0 = Debug|Any CPU
		{1596D615-F3B6-433A-8B3A-5396CE8EB9F7}.Release|Any CPU.ActiveCfg = Release|Any CPU
		{1596D615-F3B6-433A-8B3A-5396CE8EB9F7}.Release|Any CPU.Build.0 = Release|Any CPU
		{471EBEE1-036F-4FCA-AF3B-AE3D19E89C07}.Debug|Any CPU.ActiveCfg = Debug|Any CPU
		{471EBEE1-036F-4FCA-AF3B-AE3D19E89C07}.Debug|Any CPU.Build.0 = Debug|Any CPU
		{471EBEE1-036F-4FCA-AF3B-AE3D19E89C07}.Release|Any CPU.ActiveCfg = Release|Any CPU
		{471EBEE1-036F-4FCA-AF3B-AE3D19E89C07}.Release|Any CPU.Build.0 = Release|Any CPU
		{073FCC7F-2DCA-4A82-B263-8BEC7E85A182}.Debug|Any CPU.ActiveCfg = Debug|Any CPU
		{073FCC7F-2DCA-4A82-B263-8BEC7E85A182}.Debug|Any CPU.Build.0 = Debug|Any CPU
		{073FCC7F-2DCA-4A82-B263-8BEC7E85A182}.Release|Any CPU.ActiveCfg = Release|Any CPU
		{073FCC7F-2DCA-4A82-B263-8BEC7E85A182}.Release|Any CPU.Build.0 = Release|Any CPU
	EndGlobalSection
	GlobalSection(SolutionProperties) = preSolution
		HideSolutionNode = FALSE
	EndGlobalSection
	GlobalSection(ExtensibilityGlobals) = postSolution
		SolutionGuid = {39442B57-E046-460E-B5E3-88C7DB173454}
	EndGlobalSection
EndGlobal
